
Microsoft Visual Studio Solution File, Format Version 12.00
# Visual Studio Version 17
VisualStudioVersion = 17.5.33424.131
MinimumVisualStudioVersion = 10.0.40219.1
Project("{FAE04EC0-301F-11D3-BF4B-00C04F79EFBC}") = "WinFormsApp3", "WinFormsApp3\WinFormsApp3.csproj", "{3FFFAD92-19F1-46D8-8429-484EDD3BAE17}"
EndProject
Global
	GlobalSection(SolutionConfigurationPlatforms) = preSolution
		Debug|Any CPU = Debug|Any CPU
		Release|Any CPU = Release|Any CPU
	EndGlobalSection
	GlobalSection(ProjectConfigurationPlatforms) = postSolution
		{3FFFAD92-19F1-46D8-8429-484EDD3BAE17}.Debug|Any CPU.ActiveCfg = Debug|Any CPU
		{3FFFAD92-19F1-46D8-8429-484EDD3BAE17}.Debug|Any CPU.Build.0 = Debug|Any CPU
		{3FFFAD92-19F1-46D8-8429-484EDD3BAE17}.Release|Any CPU.ActiveCfg = Release|Any CPU
		{3FFFAD92-19F1-46D8-8429-484EDD3BAE17}.Release|Any CPU.Build.0 = Release|Any CPU
	EndGlobalSection
	GlobalSection(SolutionProperties) = preSolution
		HideSolutionNode = FALSE
	EndGlobalSection
	GlobalSection(ExtensibilityGlobals) = postSolution
		SolutionGuid = {95F25D9A-88B0-4FA3-9263-7723750E4CF4}
	EndGlobalSection
EndGlobal
